// !$*UTF8*$!
{
	archiveVersion = 1;
	classes = {
	};
	objectVersion = 50;
	objects = {

/* Begin PBXBuildFile section */
		3BBD519C2586F5D6008679F5 /* AppDelegate.swift in Sources */ = {isa = PBXBuildFile; fileRef = 3BBD519B2586F5D6008679F5 /* AppDelegate.swift */; };
		3BBD51A02586F5D6008679F5 /* ViewController.swift in Sources */ = {isa = PBXBuildFile; fileRef = 3BBD519F2586F5D6008679F5 /* ViewController.swift */; };
		3BBD51A52586F5E4008679F5 /* Assets.xcassets in Resources */ = {isa = PBXBuildFile; fileRef = 3BBD51A42586F5E4008679F5 /* Assets.xcassets */; };
		3BBD51A82586F5E4008679F5 /* LaunchScreen.storyboard in Resources */ = {isa = PBXBuildFile; fileRef = 3BBD51A62586F5E4008679F5 /* LaunchScreen.storyboard */; };
		3BBD51B62586F85D008679F5 /* Specs.swift in Sources */ = {isa = PBXBuildFile; fileRef = 3BBD51B52586F85D008679F5 /* Specs.swift */; };
		3BBD51BA2586F87F008679F5 /* UIColor+Extension.swift in Sources */ = {isa = PBXBuildFile; fileRef = 3BBD51B92586F87F008679F5 /* UIColor+Extension.swift */; };
		3BBD51BD2586F891008679F5 /* TableKeys.swift in Sources */ = {isa = PBXBuildFile; fileRef = 3BBD51BC2586F891008679F5 /* TableKeys.swift */; };
		3BBD51C12586F915008679F5 /* FBMeBaseViewController.swift in Sources */ = {isa = PBXBuildFile; fileRef = 3BBD51C02586F915008679F5 /* FBMeBaseViewController.swift */; };
		3BBD51C52586F97D008679F5 /* FBMeViewController.swift in Sources */ = {isa = PBXBuildFile; fileRef = 3BBD51C42586F97D008679F5 /* FBMeViewController.swift */; };
		3BBD51C92586FB24008679F5 /* FBMeBaseCell.swift in Sources */ = {isa = PBXBuildFile; fileRef = 3BBD51C82586FB24008679F5 /* FBMeBaseCell.swift */; };
		3BBD51CE258702BA008679F5 /* FBMeUser.swift in Sources */ = {isa = PBXBuildFile; fileRef = 3BBD51CD258702BA008679F5 /* FBMeUser.swift */; };
/* End PBXBuildFile section */

/* Begin PBXFileReference section */
		3BBD51982586F5D6008679F5 /* SwiftDemo.app */ = {isa = PBXFileReference; explicitFileType = wrapper.application; includeInIndex = 0; path = SwiftDemo.app; sourceTree = BUILT_PRODUCTS_DIR; };
		3BBD519B2586F5D6008679F5 /* AppDelegate.swift */ = {isa = PBXFileReference; lastKnownFileType = sourcecode.swift; path = AppDelegate.swift; sourceTree = "<group>"; };
		3BBD519F2586F5D6008679F5 /* ViewController.swift */ = {isa = PBXFileReference; lastKnownFileType = sourcecode.swift; path = ViewController.swift; sourceTree = "<group>"; };
		3BBD51A42586F5E4008679F5 /* Assets.xcassets */ = {isa = PBXFileReference; lastKnownFileType = folder.assetcatalog; path = Assets.xcassets; sourceTree = "<group>"; };
		3BBD51A72586F5E4008679F5 /* Base */ = {isa = PBXFileReference; lastKnownFileType = file.storyboard; name = Base; path = Base.lproj/LaunchScreen.storyboard; sourceTree = "<group>"; };
		3BBD51A92586F5E4008679F5 /* Info.plist */ = {isa = PBXFileReference; lastKnownFileType = text.plist.xml; path = Info.plist; sourceTree = "<group>"; };
		3BBD51B52586F85D008679F5 /* Specs.swift */ = {isa = PBXFileReference; lastKnownFileType = sourcecode.swift; path = Specs.swift; sourceTree = "<group>"; };
		3BBD51B92586F87F008679F5 /* UIColor+Extension.swift */ = {isa = PBXFileReference; lastKnownFileType = sourcecode.swift; path = "UIColor+Extension.swift"; sourceTree = "<group>"; };
		3BBD51BC2586F891008679F5 /* TableKeys.swift */ = {isa = PBXFileReference; lastKnownFileType = sourcecode.swift; path = TableKeys.swift; sourceTree = "<group>"; };
		3BBD51C02586F915008679F5 /* FBMeBaseViewController.swift */ = {isa = PBXFileReference; lastKnownFileType = sourcecode.swift; path = FBMeBaseViewController.swift; sourceTree = "<group>"; };
		3BBD51C42586F97D008679F5 /* FBMeViewController.swift */ = {isa = PBXFileReference; lastKnownFileType = sourcecode.swift; path = FBMeViewController.swift; sourceTree = "<group>"; };
		3BBD51C82586FB24008679F5 /* FBMeBaseCell.swift */ = {isa = PBXFileReference; lastKnownFileType = sourcecode.swift; path = FBMeBaseCell.swift; sourceTree = "<group>"; };
		3BBD51CD258702BA008679F5 /* FBMeUser.swift */ = {isa = PBXFileReference; lastKnownFileType = sourcecode.swift; path = FBMeUser.swift; sourceTree = "<group>"; };
/* End PBXFileReference section */

/* Begin PBXFrameworksBuildPhase section */
		3BBD51952586F5D6008679F5 /* Frameworks */ = {
			isa = PBXFrameworksBuildPhase;
			buildActionMask = 2147483647;
			files = (
			);
			runOnlyForDeploymentPostprocessing = 0;
		};
/* End PBXFrameworksBuildPhase section */

/* Begin PBXGroup section */
		3BBD518F2586F5D5008679F5 = {
			isa = PBXGroup;
			children = (
				3BBD519A2586F5D6008679F5 /* SwiftDemo */,
				3BBD51992586F5D6008679F5 /* Products */,
			);
			sourceTree = "<group>";
		};
		3BBD51992586F5D6008679F5 /* Products */ = {
			isa = PBXGroup;
			children = (
				3BBD51982586F5D6008679F5 /* SwiftDemo.app */,
			);
			name = Products;
			sourceTree = "<group>";
		};
		3BBD519A2586F5D6008679F5 /* SwiftDemo */ = {
			isa = PBXGroup;
			children = (
				3BBD51CC258702A0008679F5 /* Model */,
				3BBD51C72586FB0A008679F5 /* View */,
				3BBD51BF2586F903008679F5 /* ViewController */,
				3BBD51B42586F83A008679F5 /* Helpher */,
				3BBD519B2586F5D6008679F5 /* AppDelegate.swift */,
				3BBD519F2586F5D6008679F5 /* ViewController.swift */,
				3BBD51A42586F5E4008679F5 /* Assets.xcassets */,
				3BBD51A62586F5E4008679F5 /* LaunchScreen.storyboard */,
				3BBD51A92586F5E4008679F5 /* Info.plist */,
			);
			path = SwiftDemo;
			sourceTree = "<group>";
		};
		3BBD51B42586F83A008679F5 /* Helpher */ = {
			isa = PBXGroup;
			children = (
				3BBD51B52586F85D008679F5 /* Specs.swift */,
				3BBD51B92586F87F008679F5 /* UIColor+Extension.swift */,
				3BBD51BC2586F891008679F5 /* TableKeys.swift */,
			);
			path = Helpher;
			sourceTree = "<group>";
		};
		3BBD51BF2586F903008679F5 /* ViewController */ = {
			isa = PBXGroup;
			children = (
				3BBD51C02586F915008679F5 /* FBMeBaseViewController.swift */,
				3BBD51C42586F97D008679F5 /* FBMeViewController.swift */,
			);
			path = ViewController;
			sourceTree = "<group>";
		};
		3BBD51C72586FB0A008679F5 /* View */ = {
			isa = PBXGroup;
			children = (
				3BBD51C82586FB24008679F5 /* FBMeBaseCell.swift */,
			);
			path = View;
			sourceTree = "<group>";
		};
		3BBD51CC258702A0008679F5 /* Model */ = {
			isa = PBXGroup;
			children = (
				3BBD51CD258702BA008679F5 /* FBMeUser.swift */,
			);
			path = Model;
			sourceTree = "<group>";
		};
/* End PBXGroup section */

/* Begin PBXNativeTarget section */
		3BBD51972586F5D6008679F5 /* SwiftDemo */ = {
			isa = PBXNativeTarget;
			buildConfigurationList = 3BBD51AC2586F5E4008679F5 /* Build configuration list for PBXNativeTarget "SwiftDemo" */;
			buildPhases = (
				3BBD51942586F5D6008679F5 /* Sources */,
				3BBD51952586F5D6008679F5 /* Frameworks */,
				3BBD51962586F5D6008679F5 /* Resources */,
			);
			buildRules = (
			);
			dependencies = (
			);
			name = SwiftDemo;
			productName = SwiftDemo;
			productReference = 3BBD51982586F5D6008679F5 /* SwiftDemo.app */;
			productType = "com.apple.product-type.application";
		};
/* End PBXNativeTarget section */

/* Begin PBXProject section */
		3BBD51902586F5D6008679F5 /* Project object */ = {
			isa = PBXProject;
			attributes = {
				LastSwiftUpdateCheck = 1220;
				LastUpgradeCheck = 1220;
				TargetAttributes = {
					3BBD51972586F5D6008679F5 = {
						CreatedOnToolsVersion = 12.2;
					};
				};
			};
			buildConfigurationList = 3BBD51932586F5D6008679F5 /* Build configuration list for PBXProject "SwiftDemo" */;
			compatibilityVersion = "Xcode 9.3";
			developmentRegion = en;
			hasScannedForEncodings = 0;
			knownRegions = (
				en,
				Base,
			);
			mainGroup = 3BBD518F2586F5D5008679F5;
			productRefGroup = 3BBD51992586F5D6008679F5 /* Products */;
			projectDirPath = "";
			projectRoot = "";
			targets = (
				3BBD51972586F5D6008679F5 /* SwiftDemo */,
			);
		};
/* End PBXProject section */

/* Begin PBXResourcesBuildPhase section */
		3BBD51962586F5D6008679F5 /* Resources */ = {
			isa = PBXResourcesBuildPhase;
			buildActionMask = 2147483647;
			files = (
				3BBD51A82586F5E4008679F5 /* LaunchScreen.storyboard in Resources */,
				3BBD51A52586F5E4008679F5 /* Assets.xcassets in Resources */,
			);
			runOnlyForDeploymentPostprocessing = 0;
		};
/* End PBXResourcesBuildPhase section */

/* Begin PBXSourcesBuildPhase section */
		3BBD51942586F5D6008679F5 /* Sources */ = {
			isa = PBXSourcesBuildPhase;
			buildActionMask = 2147483647;
			files = (
				3BBD51B62586F85D008679F5 /* Specs.swift in Sources */,
				3BBD51C52586F97D008679F5 /* FBMeViewController.swift in Sources */,
				3BBD51C92586FB24008679F5 /* FBMeBaseCell.swift in Sources */,
				3BBD51C12586F915008679F5 /* FBMeBaseViewController.swift in Sources */,
				3BBD51BD2586F891008679F5 /* TableKeys.swift in Sources */,
				3BBD51A02586F5D6008679F5 /* ViewController.swift in Sources */,
				3BBD519C2586F5D6008679F5 /* AppDelegate.swift in Sources */,
				3BBD51BA2586F87F008679F5 /* UIColor+Extension.swift in Sources */,
				3BBD51CE258702BA008679F5 /* FBMeUser.swift in Sources */,
			);
			runOnlyForDeploymentPostprocessing = 0;
		};
/* End PBXSourcesBuildPhase section */

/* Begin PBXVariantGroup section */
		3BBD51A62586F5E4008679F5 /* LaunchScreen.storyboard */ = {
			isa = PBXVariantGroup;
			children = (
				3BBD51A72586F5E4008679F5 /* Base */,
			);
			name = LaunchScreen.storyboard;
			sourceTree = "<group>";
		};
/* End PBXVariantGroup section */

/* Begin XCBuildConfiguration section */
		3BBD51AA2586F5E4008679F5 /* Debug */ = {
			isa = XCBuildConfiguration;
			buildSettings = {
				ALWAYS_SEARCH_USER_PATHS = NO;
				CLANG_ANALYZER_NONNULL = YES;
				CLANG_ANALYZER_NUMBER_OBJECT_CONVERSION = YES_AGGRESSIVE;
				CLANG_CXX_LANGUAGE_STANDARD = "gnu++14";
				CLANG_CXX_LIBRARY = "libc++";
				CLANG_ENABLE_MODULES = YES;
				CLANG_ENABLE_OBJC_ARC = YES;
				CLANG_ENABLE_OBJC_WEAK = YES;
				CLANG_WARN_BLOCK_CAPTURE_AUTORELEASING = YES;
				CLANG_WARN_BOOL_CONVERSION = YES;
				CLANG_WARN_COMMA = YES;
				CLANG_WARN_CONSTANT_CONVERSION = YES;
				CLANG_WARN_DEPRECATED_OBJC_IMPLEMENTATIONS = YES;
				CLANG_WARN_DIRECT_OBJC_ISA_USAGE = YES_ERROR;
				CLANG_WARN_DOCUMENTATION_COMMENTS = YES;
				CLANG_WARN_EMPTY_BODY = YES;
				CLANG_WARN_ENUM_CONVERSION = YES;
				CLANG_WARN_INFINITE_RECURSION = YES;
				CLANG_WARN_INT_CONVERSION = YES;
				CLANG_WARN_NON_LITERAL_NULL_CONVERSION = YES;
				CLANG_WARN_OBJC_IMPLICIT_RETAIN_SELF = YES;
				CLANG_WARN_OBJC_LITERAL_CONVERSION = YES;
				CLANG_WARN_OBJC_ROOT_CLASS = YES_ERROR;
				CLANG_WARN_QUOTED_INCLUDE_IN_FRAMEWORK_HEADER = YES;
				CLANG_WARN_RANGE_LOOP_ANALYSIS = YES;
				CLANG_WARN_STRICT_PROTOTYPES = YES;
				CLANG_WARN_SUSPICIOUS_MOVE = YES;
				CLANG_WARN_UNGUARDED_AVAILABILITY = YES_AGGRESSIVE;
				CLANG_WARN_UNREACHABLE_CODE = YES;
				CLANG_WARN__DUPLICATE_METHOD_MATCH = YES;
				COPY_PHASE_STRIP = NO;
				DEBUG_INFORMATION_FORMAT = dwarf;
				ENABLE_STRICT_OBJC_MSGSEND = YES;
				ENABLE_TESTABILITY = YES;
				GCC_C_LANGUAGE_STANDARD = gnu11;
				GCC_DYNAMIC_NO_PIC = NO;
				GCC_NO_COMMON_BLOCKS = YES;
				GCC_OPTIMIZATION_LEVEL = 0;
				GCC_PREPROCESSOR_DEFINITIONS = (
					"DEBUG=1",
					"$(inherited)",
				);
				GCC_WARN_64_TO_32_BIT_CONVERSION = YES;
				GCC_WARN_ABOUT_RETURN_TYPE = YES_ERROR;
				GCC_WARN_UNDECLARED_SELECTOR = YES;
				GCC_WARN_UNINITIALIZED_AUTOS = YES_AGGRESSIVE;
				GCC_WARN_UNUSED_FUNCTION = YES;
				GCC_WARN_UNUSED_VARIABLE = YES;
				IPHONEOS_DEPLOYMENT_TARGET = 14.2;
				MTL_ENABLE_DEBUG_INFO = INCLUDE_SOURCE;
				MTL_FAST_MATH = YES;
				ONLY_ACTIVE_ARCH = YES;
				SDKROOT = iphoneos;
				SWIFT_ACTIVE_COMPILATION_CONDITIONS = DEBUG;
				SWIFT_OPTIMIZATION_LEVEL = "-Onone";
			};
			name = Debug;
		};
		3BBD51AB2586F5E4008679F5 /* Release */ = {
			isa = XCBuildConfiguration;
			buildSettings = {
				ALWAYS_SEARCH_USER_PATHS = NO;
				CLANG_ANALYZER_NONNULL = YES;
				CLANG_ANALYZER_NUMBER_OBJECT_CONVERSION = YES_AGGRESSIVE;
				CLANG_CXX_LANGUAGE_STANDARD = "gnu++14";
				CLANG_CXX_LIBRARY = "libc++";
				CLANG_ENABLE_MODULES = YES;
				CLANG_ENABLE_OBJC_ARC = YES;
				CLANG_ENABLE_OBJC_WEAK = YES;
				CLANG_WARN_BLOCK_CAPTURE_AUTORELEASING = YES;
				CLANG_WARN_BOOL_CONVERSION = YES;
				CLANG_WARN_COMMA = YES;
				CLANG_WARN_CONSTANT_CONVERSION = YES;
				CLANG_WARN_DEPRECATED_OBJC_IMPLEMENTATIONS = YES;
				CLANG_WARN_DIRECT_OBJC_ISA_USAGE = YES_ERROR;
				CLANG_WARN_DOCUMENTATION_COMMENTS = YES;
				CLANG_WARN_EMPTY_BODY = YES;
				CLANG_WARN_ENUM_CONVERSION = YES;
				CLANG_WARN_INFINITE_RECURSION = YES;
				CLANG_WARN_INT_CONVERSION = YES;
				CLANG_WARN_NON_LITERAL_NULL_CONVERSION = YES;
				CLANG_WARN_OBJC_IMPLICIT_RETAIN_SELF = YES;
				CLANG_WARN_OBJC_LITERAL_CONVERSION = YES;
				CLANG_WARN_OBJC_ROOT_CLASS = YES_ERROR;
				CLANG_WARN_QUOTED_INCLUDE_IN_FRAMEWORK_HEADER = YES;
				CLANG_WARN_RANGE_LOOP_ANALYSIS = YES;
				CLANG_WARN_STRICT_PROTOTYPES = YES;
				CLANG_WARN_SUSPICIOUS_MOVE = YES;
				CLANG_WARN_UNGUARDED_AVAILABILITY = YES_AGGRESSIVE;
				CLANG_WARN_UNREACHABLE_CODE = YES;
				CLANG_WARN__DUPLICATE_METHOD_MATCH = YES;
				COPY_PHASE_STRIP = NO;
				DEBUG_INFORMATION_FORMAT = "dwarf-with-dsym";
				ENABLE_NS_ASSERTIONS = NO;
				ENABLE_STRICT_OBJC_MSGSEND = YES;
				GCC_C_LANGUAGE_STANDARD = gnu11;
				GCC_NO_COMMON_BLOCKS = YES;
				GCC_WARN_64_TO_32_BIT_CONVERSION = YES;
				GCC_WARN_ABOUT_RETURN_TYPE = YES_ERROR;
				GCC_WARN_UNDECLARED_SELECTOR = YES;
				GCC_WARN_UNINITIALIZED_AUTOS = YES_AGGRESSIVE;
				GCC_WARN_UNUSED_FUNCTION = YES;
				GCC_WARN_UNUSED_VARIABLE = YES;
				IPHONEOS_DEPLOYMENT_TARGET = 14.2;
				MTL_ENABLE_DEBUG_INFO = NO;
				MTL_FAST_MATH = YES;
				SDKROOT = iphoneos;
				SWIFT_COMPILATION_MODE = wholemodule;
				SWIFT_OPTIMIZATION_LEVEL = "-O";
				VALIDATE_PRODUCT = YES;
			};
			name = Release;
		};
		3BBD51AD2586F5E4008679F5 /* Debug */ = {
			isa = XCBuildConfiguration;
			buildSettings = {
				ASSETCATALOG_COMPILER_APPICON_NAME = AppIcon;
				ASSETCATALOG_COMPILER_GLOBAL_ACCENT_COLOR_NAME = AccentColor;
				CODE_SIGN_STYLE = Automatic;
				DEVELOPMENT_TEAM = S3VK26R296;
				INFOPLIST_FILE = SwiftDemo/Info.plist;
				IPHONEOS_DEPLOYMENT_TARGET = 9.0;
				LD_RUNPATH_SEARCH_PATHS = (
					"$(inherited)",
					"@executable_path/Frameworks",
				);
				PRODUCT_BUNDLE_IDENTIFIER = com.leading.SwiftDemo;
				PRODUCT_NAME = "$(TARGET_NAME)";
				SWIFT_VERSION = 5.0;
				TARGETED_DEVICE_FAMILY = "1,2";
			};
			name = Debug;
		};
		3BBD51AE2586F5E4008679F5 /* Release */ = {
			isa = XCBuildConfiguration;
			buildSettings = {
				ASSETCATALOG_COMPILER_APPICON_NAME = AppIcon;
				ASSETCATALOG_COMPILER_GLOBAL_ACCENT_COLOR_NAME = AccentColor;
				CODE_SIGN_STYLE = Automatic;
				DEVELOPMENT_TEAM = S3VK26R296;
				INFOPLIST_FILE = SwiftDemo/Info.plist;
				IPHONEOS_DEPLOYMENT_TARGET = 9.0;
				LD_RUNPATH_SEARCH_PATHS = (
					"$(inherited)",
					"@executable_path/Frameworks",
				);
				PRODUCT_BUNDLE_IDENTIFIER = com.leading.SwiftDemo;
				PRODUCT_NAME = "$(TARGET_NAME)";
				SWIFT_VERSION = 5.0;
				TARGETED_DEVICE_FAMILY = "1,2";
			};
			name = Release;
		};
/* End XCBuildConfiguration section */

/* Begin XCConfigurationList section */
		3BBD51932586F5D6008679F5 /* Build configuration list for PBXProject "SwiftDemo" */ = {
			isa = XCConfigurationList;
			buildConfigurations = (
				3BBD51AA2586F5E4008679F5 /* Debug */,
				3BBD51AB2586F5E4008679F5 /* Release */,
			);
			defaultConfigurationIsVisible = 0;
			defaultConfigurationName = Release;
		};
		3BBD51AC2586F5E4008679F5 /* Build configuration list for PBXNativeTarget "SwiftDemo" */ = {
			isa = XCConfigurationList;
			buildConfigurations = (
				3BBD51AD2586F5E4008679F5 /* Debug */,
				3BBD51AE2586F5E4008679F5 /* Release */,
			);
			defaultConfigurationIsVisible = 0;
			defaultConfigurationName = Release;
		};
/* End XCConfigurationList section */
	};
	rootObject = 3BBD51902586F5D6008679F5 /* Project object */;
}
